
Microsoft Visual Studio Solution File, Format Version 12.00
# Visual Studio 14
VisualStudioVersion = 14.0.25123.0
MinimumVisualStudioVersion = 10.0.40219.1
Project("{FAE04EC0-301F-11D3-BF4B-00C04F79EFBC}") = "WebsitePerformance", "WebsitePerformance\WebsitePerformance.csproj", "{06226833-BFA7-4099-ADED-B1AC77597819}"
EndProject
Project("{FAE04EC0-301F-11D3-BF4B-00C04F79EFBC}") = "WebsitePerformance.DAL", "WebsitePerformance.DAL\WebsitePerformance.DAL.csproj", "{B7A83963-722F-4AA8-A707-340402E4BE95}"
EndProject
Project("{FAE04EC0-301F-11D3-BF4B-00C04F79EFBC}") = "WebsitePerformance.Contracts", "WebsitePerformance.Contracts\WebsitePerformance.Contracts.csproj", "{812B5DB4-6800-42DC-9D0F-3F8F5FE027AD}"
EndProject
Project("{FAE04EC0-301F-11D3-BF4B-00C04F79EFBC}") = "WebsitePerformance.Business", "WebsitePerformance.Business\WebsitePerformance.Business.csproj", "{ADC71097-D8D3-41F1-BDA2-F66F6415B872}"
EndProject
Global
	GlobalSection(SolutionConfigurationPlatforms) = preSolution
		Debug|Any CPU = Debug|Any CPU
		Release|Any CPU = Release|Any CPU
	EndGlobalSection
	GlobalSection(ProjectConfigurationPlatforms) = postSolution
		{06226833-BFA7-4099-ADED-B1AC77597819}.Debug|Any CPU.ActiveCfg = Debug|Any CPU
		{06226833-BFA7-4099-ADED-B1AC77597819}.Debug|Any CPU.Build.0 = Debug|Any CPU
		{06226833-BFA7-4099-ADED-B1AC77597819}.Release|Any CPU.ActiveCfg = Release|Any CPU
		{06226833-BFA7-4099-ADED-B1AC77597819}.Release|Any CPU.Build.0 = Release|Any CPU
		{B7A83963-722F-4AA8-A707-340402E4BE95}.Debug|Any CPU.ActiveCfg = Debug|Any CPU
		{B7A83963-722F-4AA8-A707-340402E4BE95}.Debug|Any CPU.Build.0 = Debug|Any CPU
		{B7A83963-722F-4AA8-A707-340402E4BE95}.Release|Any CPU.ActiveCfg = Release|Any CPU
		{B7A83963-722F-4AA8-A707-340402E4BE95}.Release|Any CPU.Build.0 = Release|Any CPU
		{812B5DB4-6800-42DC-9D0F-3F8F5FE027AD}.Debug|Any CPU.ActiveCfg = Debug|Any CPU
		{812B5DB4-6800-42DC-9D0F-3F8F5FE027AD}.Debug|Any CPU.Build.0 = Debug|Any CPU
		{812B5DB4-6800-42DC-9D0F-3F8F5FE027AD}.Release|Any CPU.ActiveCfg = Release|Any CPU
		{812B5DB4-6800-42DC-9D0F-3F8F5FE027AD}.Release|Any CPU.Build.0 = Release|Any CPU
		{ADC71097-D8D3-41F1-BDA2-F66F6415B872}.Debug|Any CPU.ActiveCfg = Debug|Any CPU
		{ADC71097-D8D3-41F1-BDA2-F66F6415B872}.Debug|Any CPU.Build.0 = Debug|Any CPU
		{ADC71097-D8D3-41F1-BDA2-F66F6415B872}.Release|Any CPU.ActiveCfg = Release|Any CPU
		{ADC71097-D8D3-41F1-BDA2-F66F6415B872}.Release|Any CPU.Build.0 = Release|Any CPU
	EndGlobalSection
	GlobalSection(SolutionProperties) = preSolution
		HideSolutionNode = FALSE
	EndGlobalSection
EndGlobal
